
Microsoft Visual Studio Solution File, Format Version 12.00
# Visual Studio Version 17
VisualStudioVersion = 17.5.002.0
MinimumVisualStudioVersion = 10.0.40219.1
Project("{9A19103F-16F7-4668-BE54-9A1E7A4F7556}") = "ContagemRegressiva", "ContagemRegressiva.csproj", "{84EAAEF5-A701-4BDC-868C-48ECC13A7679}"
EndProject
Global
	GlobalSection(SolutionConfigurationPlatforms) = preSolution
		Debug|Any CPU = Debug|Any CPU
		Release|Any CPU = Release|Any CPU
	EndGlobalSection
	GlobalSection(ProjectConfigurationPlatforms) = postSolution
		{84EAAEF5-A701-4BDC-868C-48ECC13A7679}.Debug|Any CPU.ActiveCfg = Debug|Any CPU
		{84EAAEF5-A701-4BDC-868C-48ECC13A7679}.Debug|Any CPU.Build.0 = Debug|Any CPU
		{84EAAEF5-A701-4BDC-868C-48ECC13A7679}.Release|Any CPU.ActiveCfg = Release|Any CPU
		{84EAAEF5-A701-4BDC-868C-48ECC13A7679}.Release|Any CPU.Build.0 = Release|Any CPU
	EndGlobalSection
	GlobalSection(SolutionProperties) = preSolution
		HideSolutionNode = FALSE
	EndGlobalSection
	GlobalSection(ExtensibilityGlobals) = postSolution
		SolutionGuid = {CA58AC3F-27F5-4172-A815-CA0739B4981F}
	EndGlobalSection
EndGlobal
